
Microsoft Visual Studio Solution File, Format Version 11.00
# Visual Studio 2010
Project("{6989167D-11E4-40FE-8C1A-2192A86A7E90}") = "PCDash", "PCDash.vfproj", "{560D96EF-4396-4648-A160-524BB3320FFC}"
EndProject
Global
	GlobalSection(SolutionConfigurationPlatforms) = preSolution
		Debug|Win32 = Debug|Win32
		release_build|Win32 = release_build|Win32
		Release|Win32 = Release|Win32
	EndGlobalSection
	GlobalSection(ProjectConfigurationPlatforms) = postSolution
		{560D96EF-4396-4648-A160-524BB3320FFC}.Debug|Win32.ActiveCfg = Debug|Win32
		{560D96EF-4396-4648-A160-524BB3320FFC}.Debug|Win32.Build.0 = Debug|Win32
		{560D96EF-4396-4648-A160-524BB3320FFC}.release_build|Win32.ActiveCfg = Release|Win32
		{560D96EF-4396-4648-A160-524BB3320FFC}.release_build|Win32.Build.0 = Release|Win32
		{560D96EF-4396-4648-A160-524BB3320FFC}.Release|Win32.ActiveCfg = Release|Win32
		{560D96EF-4396-4648-A160-524BB3320FFC}.Release|Win32.Build.0 = Release|Win32
	EndGlobalSection
	GlobalSection(SolutionProperties) = preSolution
		HideSolutionNode = FALSE
	EndGlobalSection
EndGlobal
